
Microsoft Visual Studio Solution File, Format Version 12.00
# Visual Studio 15
VisualStudioVersion = 15.0.28010.2050
MinimumVisualStudioVersion = 10.0.40219.1
Project("{FAE04EC0-301F-11D3-BF4B-00C04F79EFBC}") = "WebApiNetCore_GenericRepositoryPattnerJwt", "WebApiNetCore_GenericRepositoryPattnerJwt\WebApiNetCore_GenericRepositoryPattnerJwt.csproj", "{165C6D2F-AAE9-42B1-B641-BAF3F2DCC984}"
EndProject
Global
	GlobalSection(SolutionConfigurationPlatforms) = preSolution
		Debug|Any CPU = Debug|Any CPU
		Release|Any CPU = Release|Any CPU
	EndGlobalSection
	GlobalSection(ProjectConfigurationPlatforms) = postSolution
		{165C6D2F-AAE9-42B1-B641-BAF3F2DCC984}.Debug|Any CPU.ActiveCfg = Debug|Any CPU
		{165C6D2F-AAE9-42B1-B641-BAF3F2DCC984}.Debug|Any CPU.Build.0 = Debug|Any CPU
		{165C6D2F-AAE9-42B1-B641-BAF3F2DCC984}.Release|Any CPU.ActiveCfg = Release|Any CPU
		{165C6D2F-AAE9-42B1-B641-BAF3F2DCC984}.Release|Any CPU.Build.0 = Release|Any CPU
	EndGlobalSection
	GlobalSection(SolutionProperties) = preSolution
		HideSolutionNode = FALSE
	EndGlobalSection
	GlobalSection(ExtensibilityGlobals) = postSolution
		SolutionGuid = {9ABCE6A4-79BB-4451-A500-88EC8AD84039}
	EndGlobalSection
EndGlobal
